
Microsoft Visual Studio Solution File, Format Version 12.00
# Visual Studio Version 17
VisualStudioVersion = 17.1.32210.238
MinimumVisualStudioVersion = 10.0.40219.1
Project("{FAE04EC0-301F-11D3-BF4B-00C04F79EFBC}") = "RecipesApp", "RecipesApp.csproj", "{BCACB745-D808-41AD-A4C1-2C40DD547243}"
EndProject
Global
	GlobalSection(SolutionConfigurationPlatforms) = preSolution
		Debug|Any CPU = Debug|Any CPU
		Release|Any CPU = Release|Any CPU
	EndGlobalSection
	GlobalSection(ProjectConfigurationPlatforms) = postSolution
		{BCACB745-D808-41AD-A4C1-2C40DD547243}.Debug|Any CPU.ActiveCfg = Debug|Any CPU
		{BCACB745-D808-41AD-A4C1-2C40DD547243}.Debug|Any CPU.Build.0 = Debug|Any CPU
		{BCACB745-D808-41AD-A4C1-2C40DD547243}.Release|Any CPU.ActiveCfg = Release|Any CPU
		{BCACB745-D808-41AD-A4C1-2C40DD547243}.Release|Any CPU.Build.0 = Release|Any CPU
	EndGlobalSection
	GlobalSection(SolutionProperties) = preSolution
		HideSolutionNode = FALSE
	EndGlobalSection
	GlobalSection(ExtensibilityGlobals) = postSolution
		SolutionGuid = {C5FCEB58-793C-4D30-B8D4-AC105D1CF39B}
	EndGlobalSection
EndGlobal
